// !$*UTF8*$!
{
	archiveVersion = 1;
	classes = {
	};
	objectVersion = 55;
	objects = {

/* Begin PBXBuildFile section */
		0D3B285F2955038C00D3C0C0 /* GenericSelection.swift in Sources */ = {isa = PBXBuildFile; fileRef = 0D3B285E2955038C00D3C0C0 /* GenericSelection.swift */; };
		0D3B5CFF2946473100D912A3 /* GenericSheet.swift in Sources */ = {isa = PBXBuildFile; fileRef = 0D3B5CFE2946473100D912A3 /* GenericSheet.swift */; };
		0D3B5D0129464AF600D912A3 /* CGFloat.swift in Sources */ = {isa = PBXBuildFile; fileRef = 0D3B5D0029464AF600D912A3 /* CGFloat.swift */; };
		0D3DF09229482F5A00115972 /* error.json in Resources */ = {isa = PBXBuildFile; fileRef = 0D3DF09029482F5A00115972 /* error.json */; };
		0D3DF09329482F5A00115972 /* done.json in Resources */ = {isa = PBXBuildFile; fileRef = 0D3DF09129482F5A00115972 /* done.json */; };
		0D3DF0962948305A00115972 /* SuccessView.swift in Sources */ = {isa = PBXBuildFile; fileRef = 0D3DF0952948305A00115972 /* SuccessView.swift */; };
		0D3DF0982948D75400115972 /* ErrorView.swift in Sources */ = {isa = PBXBuildFile; fileRef = 0D3DF0972948D75400115972 /* ErrorView.swift */; };
		0D58C5D32944D0BE00418A7F /* AppDelegate.swift in Sources */ = {isa = PBXBuildFile; fileRef = 0D58C5D22944D0BE00418A7F /* AppDelegate.swift */; };
		0D58C5D52944D0BE00418A7F /* SceneDelegate.swift in Sources */ = {isa = PBXBuildFile; fileRef = 0D58C5D42944D0BE00418A7F /* SceneDelegate.swift */; };
		0D58C5D72944D0BE00418A7F /* ViewController.swift in Sources */ = {isa = PBXBuildFile; fileRef = 0D58C5D62944D0BE00418A7F /* ViewController.swift */; };
		0D58C5DA2944D0BE00418A7F /* Main.storyboard in Resources */ = {isa = PBXBuildFile; fileRef = 0D58C5D82944D0BE00418A7F /* Main.storyboard */; };
		0D58C5DC2944D0C000418A7F /* Assets.xcassets in Resources */ = {isa = PBXBuildFile; fileRef = 0D58C5DB2944D0C000418A7F /* Assets.xcassets */; };
		0D58C5DF2944D0C000418A7F /* LaunchScreen.storyboard in Resources */ = {isa = PBXBuildFile; fileRef = 0D58C5DD2944D0C000418A7F /* LaunchScreen.storyboard */; };
		0D8BC4902951301200E0D6FB /* UIImageView.swift in Sources */ = {isa = PBXBuildFile; fileRef = 0D8BC48F2951301200E0D6FB /* UIImageView.swift */; };
		0DB981A32944FCB900C1DE14 /* UIConfig.h in Headers */ = {isa = PBXBuildFile; fileRef = 0DB981A22944FCB900C1DE14 /* UIConfig.h */; settings = {ATTRIBUTES = (Public, ); }; };
		0DB981A62944FCB900C1DE14 /* UIConfig.framework in Frameworks */ = {isa = PBXBuildFile; fileRef = 0DB981A02944FCB900C1DE14 /* UIConfig.framework */; };
		0DB981A72944FCB900C1DE14 /* UIConfig.framework in Embed Frameworks */ = {isa = PBXBuildFile; fileRef = 0DB981A02944FCB900C1DE14 /* UIConfig.framework */; settings = {ATTRIBUTES = (CodeSignOnCopy, RemoveHeadersOnCopy, ); }; };
		0DB981AE2944FCE000C1DE14 /* axkan_loading.json in Resources */ = {isa = PBXBuildFile; fileRef = 0DB981AD2944FCE000C1DE14 /* axkan_loading.json */; };
		0DB981B32944FCF700C1DE14 /* String.swift in Sources */ = {isa = PBXBuildFile; fileRef = 0DB981B02944FCF700C1DE14 /* String.swift */; };
		0DB981B42944FCF700C1DE14 /* DateFormatter.swift in Sources */ = {isa = PBXBuildFile; fileRef = 0DB981B12944FCF700C1DE14 /* DateFormatter.swift */; };
		0DB981B52944FCF700C1DE14 /* Fonts.swift in Sources */ = {isa = PBXBuildFile; fileRef = 0DB981B22944FCF700C1DE14 /* Fonts.swift */; };
		0DB981C02944FD1400C1DE14 /* UIViewController.swift in Sources */ = {isa = PBXBuildFile; fileRef = 0DB981B72944FD1300C1DE14 /* UIViewController.swift */; };
		0DB981C12944FD1400C1DE14 /* UITableView.swift in Sources */ = {isa = PBXBuildFile; fileRef = 0DB981B82944FD1300C1DE14 /* UITableView.swift */; };
		0DB981C22944FD1400C1DE14 /* UIFont.swift in Sources */ = {isa = PBXBuildFile; fileRef = 0DB981B92944FD1300C1DE14 /* UIFont.swift */; };
		0DB981C32944FD1400C1DE14 /* UITextField.swift in Sources */ = {isa = PBXBuildFile; fileRef = 0DB981BA2944FD1300C1DE14 /* UITextField.swift */; };
		0DB981C42944FD1400C1DE14 /* UIButton.swift in Sources */ = {isa = PBXBuildFile; fileRef = 0DB981BB2944FD1400C1DE14 /* UIButton.swift */; };
		0DB981C52944FD1400C1DE14 /* UILabel.swift in Sources */ = {isa = PBXBuildFile; fileRef = 0DB981BC2944FD1400C1DE14 /* UILabel.swift */; };
		0DB981C62944FD1400C1DE14 /* UIView.swift in Sources */ = {isa = PBXBuildFile; fileRef = 0DB981BD2944FD1400C1DE14 /* UIView.swift */; };
		0DB981C72944FD1400C1DE14 /* UIImage.swift in Sources */ = {isa = PBXBuildFile; fileRef = 0DB981BE2944FD1400C1DE14 /* UIImage.swift */; };
		0DB981C82944FD1400C1DE14 /* UIColor.swift in Sources */ = {isa = PBXBuildFile; fileRef = 0DB981BF2944FD1400C1DE14 /* UIColor.swift */; };
		0DFD46DE2945083000251542 /* Bundle.swift in Sources */ = {isa = PBXBuildFile; fileRef = 0DFD46DD2945083000251542 /* Bundle.swift */; };
		0DFD46E029450CB800251542 /* Lottie.swift in Sources */ = {isa = PBXBuildFile; fileRef = 0DFD46DF29450CB800251542 /* Lottie.swift */; };
		C679724D294B947A00F6329D /* UIApplication.swift in Sources */ = {isa = PBXBuildFile; fileRef = C679724C294B947A00F6329D /* UIApplication.swift */; };
		F21A952645FCCE636CF9B039 /* Pods_UIConfig.framework in Frameworks */ = {isa = PBXBuildFile; fileRef = DCD7A9CE8CAF8B5BF4B4C19A /* Pods_UIConfig.framework */; };
/* End PBXBuildFile section */

/* Begin PBXContainerItemProxy section */
		0DB981A42944FCB900C1DE14 /* PBXContainerItemProxy */ = {
			isa = PBXContainerItemProxy;
			containerPortal = 0D58C5C72944D0BE00418A7F /* Project object */;
			proxyType = 1;
			remoteGlobalIDString = 0DB9819F2944FCB900C1DE14;
			remoteInfo = UIConfig;
		};
/* End PBXContainerItemProxy section */

/* Begin PBXCopyFilesBuildPhase section */
		0DB981A82944FCBA00C1DE14 /* Embed Frameworks */ = {
			isa = PBXCopyFilesBuildPhase;
			buildActionMask = 2147483647;
			dstPath = "";
			dstSubfolderSpec = 10;
			files = (
				0DB981A72944FCB900C1DE14 /* UIConfig.framework in Embed Frameworks */,
			);
			name = "Embed Frameworks";
			runOnlyForDeploymentPostprocessing = 0;
		};
/* End PBXCopyFilesBuildPhase section */

/* Begin PBXFileReference section */
		0D3B285E2955038C00D3C0C0 /* GenericSelection.swift */ = {isa = PBXFileReference; lastKnownFileType = sourcecode.swift; path = GenericSelection.swift; sourceTree = "<group>"; };
		0D3B5CFE2946473100D912A3 /* GenericSheet.swift */ = {isa = PBXFileReference; lastKnownFileType = sourcecode.swift; path = GenericSheet.swift; sourceTree = "<group>"; };
		0D3B5D0029464AF600D912A3 /* CGFloat.swift */ = {isa = PBXFileReference; lastKnownFileType = sourcecode.swift; path = CGFloat.swift; sourceTree = "<group>"; };
		0D3DF09029482F5A00115972 /* error.json */ = {isa = PBXFileReference; fileEncoding = 4; lastKnownFileType = text.json; path = error.json; sourceTree = "<group>"; };
		0D3DF09129482F5A00115972 /* done.json */ = {isa = PBXFileReference; fileEncoding = 4; lastKnownFileType = text.json; path = done.json; sourceTree = "<group>"; };
		0D3DF0952948305A00115972 /* SuccessView.swift */ = {isa = PBXFileReference; lastKnownFileType = sourcecode.swift; path = SuccessView.swift; sourceTree = "<group>"; };
		0D3DF0972948D75400115972 /* ErrorView.swift */ = {isa = PBXFileReference; lastKnownFileType = sourcecode.swift; path = ErrorView.swift; sourceTree = "<group>"; };
		0D58C5CF2944D0BE00418A7F /* UIConfigApp.app */ = {isa = PBXFileReference; explicitFileType = wrapper.application; includeInIndex = 0; path = UIConfigApp.app; sourceTree = BUILT_PRODUCTS_DIR; };
		0D58C5D22944D0BE00418A7F /* AppDelegate.swift */ = {isa = PBXFileReference; lastKnownFileType = sourcecode.swift; path = AppDelegate.swift; sourceTree = "<group>"; };
		0D58C5D42944D0BE00418A7F /* SceneDelegate.swift */ = {isa = PBXFileReference; lastKnownFileType = sourcecode.swift; path = SceneDelegate.swift; sourceTree = "<group>"; };
		0D58C5D62944D0BE00418A7F /* ViewController.swift */ = {isa = PBXFileReference; lastKnownFileType = sourcecode.swift; path = ViewController.swift; sourceTree = "<group>"; };
		0D58C5D92944D0BE00418A7F /* Base */ = {isa = PBXFileReference; lastKnownFileType = file.storyboard; name = Base; path = Base.lproj/Main.storyboard; sourceTree = "<group>"; };
		0D58C5DB2944D0C000418A7F /* Assets.xcassets */ = {isa = PBXFileReference; lastKnownFileType = folder.assetcatalog; path = Assets.xcassets; sourceTree = "<group>"; };
		0D58C5DE2944D0C000418A7F /* Base */ = {isa = PBXFileReference; lastKnownFileType = file.storyboard; name = Base; path = Base.lproj/LaunchScreen.storyboard; sourceTree = "<group>"; };
		0D58C5E02944D0C000418A7F /* Info.plist */ = {isa = PBXFileReference; lastKnownFileType = text.plist.xml; path = Info.plist; sourceTree = "<group>"; };
		0D8BC48F2951301200E0D6FB /* UIImageView.swift */ = {isa = PBXFileReference; lastKnownFileType = sourcecode.swift; path = UIImageView.swift; sourceTree = "<group>"; };
		0DB981A02944FCB900C1DE14 /* UIConfig.framework */ = {isa = PBXFileReference; explicitFileType = wrapper.framework; includeInIndex = 0; path = UIConfig.framework; sourceTree = BUILT_PRODUCTS_DIR; };
		0DB981A22944FCB900C1DE14 /* UIConfig.h */ = {isa = PBXFileReference; lastKnownFileType = sourcecode.c.h; path = UIConfig.h; sourceTree = "<group>"; };
		0DB981AD2944FCE000C1DE14 /* axkan_loading.json */ = {isa = PBXFileReference; fileEncoding = 4; lastKnownFileType = text.json; path = axkan_loading.json; sourceTree = "<group>"; };
		0DB981B02944FCF700C1DE14 /* String.swift */ = {isa = PBXFileReference; fileEncoding = 4; lastKnownFileType = sourcecode.swift; path = String.swift; sourceTree = "<group>"; };
		0DB981B12944FCF700C1DE14 /* DateFormatter.swift */ = {isa = PBXFileReference; fileEncoding = 4; lastKnownFileType = sourcecode.swift; path = DateFormatter.swift; sourceTree = "<group>"; };
		0DB981B22944FCF700C1DE14 /* Fonts.swift */ = {isa = PBXFileReference; fileEncoding = 4; lastKnownFileType = sourcecode.swift; path = Fonts.swift; sourceTree = "<group>"; };
		0DB981B72944FD1300C1DE14 /* UIViewController.swift */ = {isa = PBXFileReference; fileEncoding = 4; lastKnownFileType = sourcecode.swift; path = UIViewController.swift; sourceTree = "<group>"; };
		0DB981B82944FD1300C1DE14 /* UITableView.swift */ = {isa = PBXFileReference; fileEncoding = 4; lastKnownFileType = sourcecode.swift; path = UITableView.swift; sourceTree = "<group>"; };
		0DB981B92944FD1300C1DE14 /* UIFont.swift */ = {isa = PBXFileReference; fileEncoding = 4; lastKnownFileType = sourcecode.swift; path = UIFont.swift; sourceTree = "<group>"; };
		0DB981BA2944FD1300C1DE14 /* UITextField.swift */ = {isa = PBXFileReference; fileEncoding = 4; lastKnownFileType = sourcecode.swift; path = UITextField.swift; sourceTree = "<group>"; };
		0DB981BB2944FD1400C1DE14 /* UIButton.swift */ = {isa = PBXFileReference; fileEncoding = 4; lastKnownFileType = sourcecode.swift; path = UIButton.swift; sourceTree = "<group>"; };
		0DB981BC2944FD1400C1DE14 /* UILabel.swift */ = {isa = PBXFileReference; fileEncoding = 4; lastKnownFileType = sourcecode.swift; path = UILabel.swift; sourceTree = "<group>"; };
		0DB981BD2944FD1400C1DE14 /* UIView.swift */ = {isa = PBXFileReference; fileEncoding = 4; lastKnownFileType = sourcecode.swift; path = UIView.swift; sourceTree = "<group>"; };
		0DB981BE2944FD1400C1DE14 /* UIImage.swift */ = {isa = PBXFileReference; fileEncoding = 4; lastKnownFileType = sourcecode.swift; path = UIImage.swift; sourceTree = "<group>"; };
		0DB981BF2944FD1400C1DE14 /* UIColor.swift */ = {isa = PBXFileReference; fileEncoding = 4; lastKnownFileType = sourcecode.swift; path = UIColor.swift; sourceTree = "<group>"; };
		0DFD46DD2945083000251542 /* Bundle.swift */ = {isa = PBXFileReference; lastKnownFileType = sourcecode.swift; path = Bundle.swift; sourceTree = "<group>"; };
		0DFD46DF29450CB800251542 /* Lottie.swift */ = {isa = PBXFileReference; lastKnownFileType = sourcecode.swift; path = Lottie.swift; sourceTree = "<group>"; };
		9636F0EACFA6A874BCE904F1 /* Pods-UIConfig.release.xcconfig */ = {isa = PBXFileReference; includeInIndex = 1; lastKnownFileType = text.xcconfig; name = "Pods-UIConfig.release.xcconfig"; path = "../../Gaso Mx/Pods/Target Support Files/Pods-UIConfig/Pods-UIConfig.release.xcconfig"; sourceTree = "<group>"; };
		C679724C294B947A00F6329D /* UIApplication.swift */ = {isa = PBXFileReference; lastKnownFileType = sourcecode.swift; path = UIApplication.swift; sourceTree = "<group>"; };
		DCD7A9CE8CAF8B5BF4B4C19A /* Pods_UIConfig.framework */ = {isa = PBXFileReference; explicitFileType = wrapper.framework; includeInIndex = 0; path = Pods_UIConfig.framework; sourceTree = BUILT_PRODUCTS_DIR; };
		E5F9847D45179049C7416A3E /* Pods-UIConfig.debug.xcconfig */ = {isa = PBXFileReference; includeInIndex = 1; lastKnownFileType = text.xcconfig; name = "Pods-UIConfig.debug.xcconfig"; path = "../../Gaso Mx/Pods/Target Support Files/Pods-UIConfig/Pods-UIConfig.debug.xcconfig"; sourceTree = "<group>"; };
/* End PBXFileReference section */

/* Begin PBXFrameworksBuildPhase section */
		0D58C5CC2944D0BE00418A7F /* Frameworks */ = {
			isa = PBXFrameworksBuildPhase;
			buildActionMask = 2147483647;
			files = (
				0DB981A62944FCB900C1DE14 /* UIConfig.framework in Frameworks */,
			);
			runOnlyForDeploymentPostprocessing = 0;
		};
		0DB9819D2944FCB900C1DE14 /* Frameworks */ = {
			isa = PBXFrameworksBuildPhase;
			buildActionMask = 2147483647;
			files = (
				F21A952645FCCE636CF9B039 /* Pods_UIConfig.framework in Frameworks */,
			);
			runOnlyForDeploymentPostprocessing = 0;
		};
/* End PBXFrameworksBuildPhase section */

/* Begin PBXGroup section */
		0D3DF09429482FF300115972 /* Generics */ = {
			isa = PBXGroup;
			children = (
				0D3B5CFE2946473100D912A3 /* GenericSheet.swift */,
				0D3B285E2955038C00D3C0C0 /* GenericSelection.swift */,
				0D3DF0952948305A00115972 /* SuccessView.swift */,
				0D3DF0972948D75400115972 /* ErrorView.swift */,
			);
			path = Generics;
			sourceTree = "<group>";
		};
		0D58C5C62944D0BE00418A7F = {
			isa = PBXGroup;
			children = (
				0D58C5D12944D0BE00418A7F /* UIConfigApp */,
				0DB981A12944FCB900C1DE14 /* UIConfig */,
				0D58C5D02944D0BE00418A7F /* Products */,
				4104C1EC11944B2627A31DCE /* Pods */,
				649B2906D9B13AC225B99D19 /* Frameworks */,
			);
			sourceTree = "<group>";
		};
		0D58C5D02944D0BE00418A7F /* Products */ = {
			isa = PBXGroup;
			children = (
				0D58C5CF2944D0BE00418A7F /* UIConfigApp.app */,
				0DB981A02944FCB900C1DE14 /* UIConfig.framework */,
			);
			name = Products;
			sourceTree = "<group>";
		};
		0D58C5D12944D0BE00418A7F /* UIConfigApp */ = {
			isa = PBXGroup;
			children = (
				0D58C5D22944D0BE00418A7F /* AppDelegate.swift */,
				0D58C5D42944D0BE00418A7F /* SceneDelegate.swift */,
				0D58C5D62944D0BE00418A7F /* ViewController.swift */,
				0D58C5D82944D0BE00418A7F /* Main.storyboard */,
				0D58C5DB2944D0C000418A7F /* Assets.xcassets */,
				0D58C5DD2944D0C000418A7F /* LaunchScreen.storyboard */,
				0D58C5E02944D0C000418A7F /* Info.plist */,
			);
			path = UIConfigApp;
			sourceTree = "<group>";
		};
		0DB981A12944FCB900C1DE14 /* UIConfig */ = {
			isa = PBXGroup;
			children = (
				0D3DF09429482FF300115972 /* Generics */,
				0DB981AC2944FCD700C1DE14 /* LottieAnimations */,
				0DB981AF2944FCE600C1DE14 /* Extensions */,
				0DB981A22944FCB900C1DE14 /* UIConfig.h */,
				0DFD46DF29450CB800251542 /* Lottie.swift */,
			);
			path = UIConfig;
			sourceTree = "<group>";
		};
		0DB981AC2944FCD700C1DE14 /* LottieAnimations */ = {
			isa = PBXGroup;
			children = (
				0DB981AD2944FCE000C1DE14 /* axkan_loading.json */,
				0D3DF09129482F5A00115972 /* done.json */,
				0D3DF09029482F5A00115972 /* error.json */,
			);
			path = LottieAnimations;
			sourceTree = "<group>";
		};
		0DB981AF2944FCE600C1DE14 /* Extensions */ = {
			isa = PBXGroup;
			children = (
				0DB981B62944FCFD00C1DE14 /* UIComponents */,
				0DB981B12944FCF700C1DE14 /* DateFormatter.swift */,
				0DB981B22944FCF700C1DE14 /* Fonts.swift */,
				C679724C294B947A00F6329D /* UIApplication.swift */,
				0DB981B02944FCF700C1DE14 /* String.swift */,
				0D3B5D0029464AF600D912A3 /* CGFloat.swift */,
			);
			path = Extensions;
			sourceTree = "<group>";
		};
		0DB981B62944FCFD00C1DE14 /* UIComponents */ = {
			isa = PBXGroup;
			children = (
				0DB981BB2944FD1400C1DE14 /* UIButton.swift */,
				0DB981BF2944FD1400C1DE14 /* UIColor.swift */,
				0DB981B92944FD1300C1DE14 /* UIFont.swift */,
				0DB981BE2944FD1400C1DE14 /* UIImage.swift */,
				0D8BC48F2951301200E0D6FB /* UIImageView.swift */,
				0DB981BC2944FD1400C1DE14 /* UILabel.swift */,
				0DB981B82944FD1300C1DE14 /* UITableView.swift */,
				0DB981BA2944FD1300C1DE14 /* UITextField.swift */,
				0DB981BD2944FD1400C1DE14 /* UIView.swift */,
				0DB981B72944FD1300C1DE14 /* UIViewController.swift */,
				0DFD46DD2945083000251542 /* Bundle.swift */,
			);
			path = UIComponents;
			sourceTree = "<group>";
		};
		4104C1EC11944B2627A31DCE /* Pods */ = {
			isa = PBXGroup;
			children = (
				E5F9847D45179049C7416A3E /* Pods-UIConfig.debug.xcconfig */,
				9636F0EACFA6A874BCE904F1 /* Pods-UIConfig.release.xcconfig */,
			);
			path = Pods;
			sourceTree = "<group>";
		};
		649B2906D9B13AC225B99D19 /* Frameworks */ = {
			isa = PBXGroup;
			children = (
				DCD7A9CE8CAF8B5BF4B4C19A /* Pods_UIConfig.framework */,
			);
			name = Frameworks;
			sourceTree = "<group>";
		};
/* End PBXGroup section */

/* Begin PBXHeadersBuildPhase section */
		0DB9819B2944FCB900C1DE14 /* Headers */ = {
			isa = PBXHeadersBuildPhase;
			buildActionMask = 2147483647;
			files = (
				0DB981A32944FCB900C1DE14 /* UIConfig.h in Headers */,
			);
			runOnlyForDeploymentPostprocessing = 0;
		};
/* End PBXHeadersBuildPhase section */

/* Begin PBXNativeTarget section */
		0D58C5CE2944D0BE00418A7F /* UIConfigApp */ = {
			isa = PBXNativeTarget;
			buildConfigurationList = 0D58C5E32944D0C000418A7F /* Build configuration list for PBXNativeTarget "UIConfigApp" */;
			buildPhases = (
				0D58C5CB2944D0BE00418A7F /* Sources */,
				0D58C5CC2944D0BE00418A7F /* Frameworks */,
				0D58C5CD2944D0BE00418A7F /* Resources */,
				0DB981A82944FCBA00C1DE14 /* Embed Frameworks */,
			);
			buildRules = (
			);
			dependencies = (
				0DB981A52944FCB900C1DE14 /* PBXTargetDependency */,
			);
			name = UIConfigApp;
			productName = UIConfigApp;
			productReference = 0D58C5CF2944D0BE00418A7F /* UIConfigApp.app */;
			productType = "com.apple.product-type.application";
		};
		0DB9819F2944FCB900C1DE14 /* UIConfig */ = {
			isa = PBXNativeTarget;
			buildConfigurationList = 0DB981AB2944FCBA00C1DE14 /* Build configuration list for PBXNativeTarget "UIConfig" */;
			buildPhases = (
				EA115E34A29604E18B63B01A /* [CP] Check Pods Manifest.lock */,
				0DB9819B2944FCB900C1DE14 /* Headers */,
				0DB9819C2944FCB900C1DE14 /* Sources */,
				0DB9819D2944FCB900C1DE14 /* Frameworks */,
				0DB9819E2944FCB900C1DE14 /* Resources */,
			);
			buildRules = (
			);
			dependencies = (
			);
			name = UIConfig;
			productName = UIConfig;
			productReference = 0DB981A02944FCB900C1DE14 /* UIConfig.framework */;
			productType = "com.apple.product-type.framework";
		};
/* End PBXNativeTarget section */

/* Begin PBXProject section */
		0D58C5C72944D0BE00418A7F /* Project object */ = {
			isa = PBXProject;
			attributes = {
				BuildIndependentTargetsInParallel = 1;
				LastSwiftUpdateCheck = 1410;
				LastUpgradeCheck = 1410;
				TargetAttributes = {
					0D58C5CE2944D0BE00418A7F = {
						CreatedOnToolsVersion = 14.1;
					};
					0DB9819F2944FCB900C1DE14 = {
						CreatedOnToolsVersion = 14.1;
						LastSwiftMigration = 1410;
					};
				};
			};
			buildConfigurationList = 0D58C5CA2944D0BE00418A7F /* Build configuration list for PBXProject "UIConfigApp" */;
			compatibilityVersion = "Xcode 13.0";
			developmentRegion = en;
			hasScannedForEncodings = 0;
			knownRegions = (
				en,
				Base,
			);
			mainGroup = 0D58C5C62944D0BE00418A7F;
			productRefGroup = 0D58C5D02944D0BE00418A7F /* Products */;
			projectDirPath = "";
			projectRoot = "";
			targets = (
				0D58C5CE2944D0BE00418A7F /* UIConfigApp */,
				0DB9819F2944FCB900C1DE14 /* UIConfig */,
			);
		};
/* End PBXProject section */

/* Begin PBXResourcesBuildPhase section */
		0D58C5CD2944D0BE00418A7F /* Resources */ = {
			isa = PBXResourcesBuildPhase;
			buildActionMask = 2147483647;
			files = (
				0D58C5DF2944D0C000418A7F /* LaunchScreen.storyboard in Resources */,
				0D58C5DC2944D0C000418A7F /* Assets.xcassets in Resources */,
				0D58C5DA2944D0BE00418A7F /* Main.storyboard in Resources */,
			);
			runOnlyForDeploymentPostprocessing = 0;
		};
		0DB9819E2944FCB900C1DE14 /* Resources */ = {
			isa = PBXResourcesBuildPhase;
			buildActionMask = 2147483647;
			files = (
				0D3DF09229482F5A00115972 /* error.json in Resources */,
				0D3DF09329482F5A00115972 /* done.json in Resources */,
				0DB981AE2944FCE000C1DE14 /* axkan_loading.json in Resources */,
			);
			runOnlyForDeploymentPostprocessing = 0;
		};
/* End PBXResourcesBuildPhase section */

/* Begin PBXShellScriptBuildPhase section */
		EA115E34A29604E18B63B01A /* [CP] Check Pods Manifest.lock */ = {
			isa = PBXShellScriptBuildPhase;
			buildActionMask = 2147483647;
			files = (
			);
			inputFileListPaths = (
			);
			inputPaths = (
				"${PODS_PODFILE_DIR_PATH}/Podfile.lock",
				"${PODS_ROOT}/Manifest.lock",
			);
			name = "[CP] Check Pods Manifest.lock";
			outputFileListPaths = (
			);
			outputPaths = (
				"$(DERIVED_FILE_DIR)/Pods-UIConfig-checkManifestLockResult.txt",
			);
			runOnlyForDeploymentPostprocessing = 0;
			shellPath = /bin/sh;
			shellScript = "diff \"${PODS_PODFILE_DIR_PATH}/Podfile.lock\" \"${PODS_ROOT}/Manifest.lock\" > /dev/null\nif [ $? != 0 ] ; then\n    # print error to STDERR\n    echo \"error: The sandbox is not in sync with the Podfile.lock. Run 'pod install' or update your CocoaPods installation.\" >&2\n    exit 1\nfi\n# This output is used by Xcode 'outputs' to avoid re-running this script phase.\necho \"SUCCESS\" > \"${SCRIPT_OUTPUT_FILE_0}\"\n";
			showEnvVarsInLog = 0;
		};
/* End PBXShellScriptBuildPhase section */

/* Begin PBXSourcesBuildPhase section */
		0D58C5CB2944D0BE00418A7F /* Sources */ = {
			isa = PBXSourcesBuildPhase;
			buildActionMask = 2147483647;
			files = (
				0D58C5D72944D0BE00418A7F /* ViewController.swift in Sources */,
				0D58C5D32944D0BE00418A7F /* AppDelegate.swift in Sources */,
				0D58C5D52944D0BE00418A7F /* SceneDelegate.swift in Sources */,
			);
			runOnlyForDeploymentPostprocessing = 0;
		};
		0DB9819C2944FCB900C1DE14 /* Sources */ = {
			isa = PBXSourcesBuildPhase;
			buildActionMask = 2147483647;
			files = (
				0DB981C62944FD1400C1DE14 /* UIView.swift in Sources */,
				0DFD46DE2945083000251542 /* Bundle.swift in Sources */,
				0D3DF0962948305A00115972 /* SuccessView.swift in Sources */,
				0D3B5CFF2946473100D912A3 /* GenericSheet.swift in Sources */,
				0DB981C82944FD1400C1DE14 /* UIColor.swift in Sources */,
				0DB981C72944FD1400C1DE14 /* UIImage.swift in Sources */,
				0DB981B42944FCF700C1DE14 /* DateFormatter.swift in Sources */,
				0D3DF0982948D75400115972 /* ErrorView.swift in Sources */,
				C679724D294B947A00F6329D /* UIApplication.swift in Sources */,
				0DFD46E029450CB800251542 /* Lottie.swift in Sources */,
				0DB981B52944FCF700C1DE14 /* Fonts.swift in Sources */,
				0D3B5D0129464AF600D912A3 /* CGFloat.swift in Sources */,
				0DB981C32944FD1400C1DE14 /* UITextField.swift in Sources */,
				0DB981C42944FD1400C1DE14 /* UIButton.swift in Sources */,
				0D3B285F2955038C00D3C0C0 /* GenericSelection.swift in Sources */,
				0DB981C52944FD1400C1DE14 /* UILabel.swift in Sources */,
				0DB981C22944FD1400C1DE14 /* UIFont.swift in Sources */,
				0D8BC4902951301200E0D6FB /* UIImageView.swift in Sources */,
				0DB981C12944FD1400C1DE14 /* UITableView.swift in Sources */,
				0DB981C02944FD1400C1DE14 /* UIViewController.swift in Sources */,
				0DB981B32944FCF700C1DE14 /* String.swift in Sources */,
			);
			runOnlyForDeploymentPostprocessing = 0;
		};
/* End PBXSourcesBuildPhase section */

/* Begin PBXTargetDependency section */
		0DB981A52944FCB900C1DE14 /* PBXTargetDependency */ = {
			isa = PBXTargetDependency;
			target = 0DB9819F2944FCB900C1DE14 /* UIConfig */;
			targetProxy = 0DB981A42944FCB900C1DE14 /* PBXContainerItemProxy */;
		};
/* End PBXTargetDependency section */

/* Begin PBXVariantGroup section */
		0D58C5D82944D0BE00418A7F /* Main.storyboard */ = {
			isa = PBXVariantGroup;
			children = (
				0D58C5D92944D0BE00418A7F /* Base */,
			);
			name = Main.storyboard;
			sourceTree = "<group>";
		};
		0D58C5DD2944D0C000418A7F /* LaunchScreen.storyboard */ = {
			isa = PBXVariantGroup;
			children = (
				0D58C5DE2944D0C000418A7F /* Base */,
			);
			name = LaunchScreen.storyboard;
			sourceTree = "<group>";
		};
/* End PBXVariantGroup section */

/* Begin XCBuildConfiguration section */
		0D58C5E12944D0C000418A7F /* Debug */ = {
			isa = XCBuildConfiguration;
			buildSettings = {
				ALWAYS_SEARCH_USER_PATHS = NO;
				CLANG_ANALYZER_NONNULL = YES;
				CLANG_ANALYZER_NUMBER_OBJECT_CONVERSION = YES_AGGRESSIVE;
				CLANG_CXX_LANGUAGE_STANDARD = "gnu++20";
				CLANG_ENABLE_MODULES = YES;
				CLANG_ENABLE_OBJC_ARC = YES;
				CLANG_ENABLE_OBJC_WEAK = YES;
				CLANG_WARN_BLOCK_CAPTURE_AUTORELEASING = YES;
				CLANG_WARN_BOOL_CONVERSION = YES;
				CLANG_WARN_COMMA = YES;
				CLANG_WARN_CONSTANT_CONVERSION = YES;
				CLANG_WARN_DEPRECATED_OBJC_IMPLEMENTATIONS = YES;
				CLANG_WARN_DIRECT_OBJC_ISA_USAGE = YES_ERROR;
				CLANG_WARN_DOCUMENTATION_COMMENTS = YES;
				CLANG_WARN_EMPTY_BODY = YES;
				CLANG_WARN_ENUM_CONVERSION = YES;
				CLANG_WARN_INFINITE_RECURSION = YES;
				CLANG_WARN_INT_CONVERSION = YES;
				CLANG_WARN_NON_LITERAL_NULL_CONVERSION = YES;
				CLANG_WARN_OBJC_IMPLICIT_RETAIN_SELF = YES;
				CLANG_WARN_OBJC_LITERAL_CONVERSION = YES;
				CLANG_WARN_OBJC_ROOT_CLASS = YES_ERROR;
				CLANG_WARN_QUOTED_INCLUDE_IN_FRAMEWORK_HEADER = YES;
				CLANG_WARN_RANGE_LOOP_ANALYSIS = YES;
				CLANG_WARN_STRICT_PROTOTYPES = YES;
				CLANG_WARN_SUSPICIOUS_MOVE = YES;
				CLANG_WARN_UNGUARDED_AVAILABILITY = YES_AGGRESSIVE;
				CLANG_WARN_UNREACHABLE_CODE = YES;
				CLANG_WARN__DUPLICATE_METHOD_MATCH = YES;
				COPY_PHASE_STRIP = NO;
				DEBUG_INFORMATION_FORMAT = dwarf;
				ENABLE_STRICT_OBJC_MSGSEND = YES;
				ENABLE_TESTABILITY = YES;
				GCC_C_LANGUAGE_STANDARD = gnu11;
				GCC_DYNAMIC_NO_PIC = NO;
				GCC_NO_COMMON_BLOCKS = YES;
				GCC_OPTIMIZATION_LEVEL = 0;
				GCC_PREPROCESSOR_DEFINITIONS = (
					"DEBUG=1",
					"$(inherited)",
				);
				GCC_WARN_64_TO_32_BIT_CONVERSION = YES;
				GCC_WARN_ABOUT_RETURN_TYPE = YES_ERROR;
				GCC_WARN_UNDECLARED_SELECTOR = YES;
				GCC_WARN_UNINITIALIZED_AUTOS = YES_AGGRESSIVE;
				GCC_WARN_UNUSED_FUNCTION = YES;
				GCC_WARN_UNUSED_VARIABLE = YES;
				IPHONEOS_DEPLOYMENT_TARGET = 15.0;
				MTL_ENABLE_DEBUG_INFO = INCLUDE_SOURCE;
				MTL_FAST_MATH = YES;
				ONLY_ACTIVE_ARCH = YES;
				SDKROOT = iphoneos;
				SWIFT_ACTIVE_COMPILATION_CONDITIONS = DEBUG;
				SWIFT_OPTIMIZATION_LEVEL = "-Onone";
			};
			name = Debug;
		};
		0D58C5E22944D0C000418A7F /* Release */ = {
			isa = XCBuildConfiguration;
			buildSettings = {
				ALWAYS_SEARCH_USER_PATHS = NO;
				CLANG_ANALYZER_NONNULL = YES;
				CLANG_ANALYZER_NUMBER_OBJECT_CONVERSION = YES_AGGRESSIVE;
				CLANG_CXX_LANGUAGE_STANDARD = "gnu++20";
				CLANG_ENABLE_MODULES = YES;
				CLANG_ENABLE_OBJC_ARC = YES;
				CLANG_ENABLE_OBJC_WEAK = YES;
				CLANG_WARN_BLOCK_CAPTURE_AUTORELEASING = YES;
				CLANG_WARN_BOOL_CONVERSION = YES;
				CLANG_WARN_COMMA = YES;
				CLANG_WARN_CONSTANT_CONVERSION = YES;
				CLANG_WARN_DEPRECATED_OBJC_IMPLEMENTATIONS = YES;
				CLANG_WARN_DIRECT_OBJC_ISA_USAGE = YES_ERROR;
				CLANG_WARN_DOCUMENTATION_COMMENTS = YES;
				CLANG_WARN_EMPTY_BODY = YES;
				CLANG_WARN_ENUM_CONVERSION = YES;
				CLANG_WARN_INFINITE_RECURSION = YES;
				CLANG_WARN_INT_CONVERSION = YES;
				CLANG_WARN_NON_LITERAL_NULL_CONVERSION = YES;
				CLANG_WARN_OBJC_IMPLICIT_RETAIN_SELF = YES;
				CLANG_WARN_OBJC_LITERAL_CONVERSION = YES;
				CLANG_WARN_OBJC_ROOT_CLASS = YES_ERROR;
				CLANG_WARN_QUOTED_INCLUDE_IN_FRAMEWORK_HEADER = YES;
				CLANG_WARN_RANGE_LOOP_ANALYSIS = YES;
				CLANG_WARN_STRICT_PROTOTYPES = YES;
				CLANG_WARN_SUSPICIOUS_MOVE = YES;
				CLANG_WARN_UNGUARDED_AVAILABILITY = YES_AGGRESSIVE;
				CLANG_WARN_UNREACHABLE_CODE = YES;
				CLANG_WARN__DUPLICATE_METHOD_MATCH = YES;
				COPY_PHASE_STRIP = NO;
				DEBUG_INFORMATION_FORMAT = "dwarf-with-dsym";
				ENABLE_NS_ASSERTIONS = NO;
				ENABLE_STRICT_OBJC_MSGSEND = YES;
				GCC_C_LANGUAGE_STANDARD = gnu11;
				GCC_NO_COMMON_BLOCKS = YES;
				GCC_WARN_64_TO_32_BIT_CONVERSION = YES;
				GCC_WARN_ABOUT_RETURN_TYPE = YES_ERROR;
				GCC_WARN_UNDECLARED_SELECTOR = YES;
				GCC_WARN_UNINITIALIZED_AUTOS = YES_AGGRESSIVE;
				GCC_WARN_UNUSED_FUNCTION = YES;
				GCC_WARN_UNUSED_VARIABLE = YES;
				IPHONEOS_DEPLOYMENT_TARGET = 15.0;
				MTL_ENABLE_DEBUG_INFO = NO;
				MTL_FAST_MATH = YES;
				SDKROOT = iphoneos;
				SWIFT_COMPILATION_MODE = wholemodule;
				SWIFT_OPTIMIZATION_LEVEL = "-O";
				VALIDATE_PRODUCT = YES;
			};
			name = Release;
		};
		0D58C5E42944D0C000418A7F /* Debug */ = {
			isa = XCBuildConfiguration;
			buildSettings = {
				ALWAYS_EMBED_SWIFT_STANDARD_LIBRARIES = YES;
				ASSETCATALOG_COMPILER_APPICON_NAME = AppIcon;
				ASSETCATALOG_COMPILER_GLOBAL_ACCENT_COLOR_NAME = AccentColor;
				CODE_SIGN_STYLE = Automatic;
				CURRENT_PROJECT_VERSION = 1;
				DEVELOPMENT_TEAM = 45Q3VNSD3X;
				GENERATE_INFOPLIST_FILE = YES;
				INFOPLIST_FILE = UIConfigApp/Info.plist;
				INFOPLIST_KEY_UIApplicationSupportsIndirectInputEvents = YES;
				INFOPLIST_KEY_UILaunchStoryboardName = LaunchScreen;
				INFOPLIST_KEY_UIMainStoryboardFile = Main;
				INFOPLIST_KEY_UISupportedInterfaceOrientations_iPad = "UIInterfaceOrientationPortrait UIInterfaceOrientationPortraitUpsideDown UIInterfaceOrientationLandscapeLeft UIInterfaceOrientationLandscapeRight";
				INFOPLIST_KEY_UISupportedInterfaceOrientations_iPhone = "UIInterfaceOrientationPortrait UIInterfaceOrientationLandscapeLeft UIInterfaceOrientationLandscapeRight";
				IPHONEOS_DEPLOYMENT_TARGET = 15.0;
				LD_RUNPATH_SEARCH_PATHS = (
					"$(inherited)",
					"@executable_path/Frameworks",
				);
				MARKETING_VERSION = 1.0;
				PRODUCT_BUNDLE_IDENTIFIER = com.AxkanSoftware.UIConfigApp;
				PRODUCT_NAME = "$(TARGET_NAME)";
				SWIFT_EMIT_LOC_STRINGS = YES;
				SWIFT_VERSION = 5.0;
				TARGETED_DEVICE_FAMILY = "1,2";
			};
			name = Debug;
		};
		0D58C5E52944D0C000418A7F /* Release */ = {
			isa = XCBuildConfiguration;
			buildSettings = {
				ALWAYS_EMBED_SWIFT_STANDARD_LIBRARIES = YES;
				ASSETCATALOG_COMPILER_APPICON_NAME = AppIcon;
				ASSETCATALOG_COMPILER_GLOBAL_ACCENT_COLOR_NAME = AccentColor;
				CODE_SIGN_STYLE = Automatic;
				CURRENT_PROJECT_VERSION = 1;
				DEVELOPMENT_TEAM = 45Q3VNSD3X;
				GENERATE_INFOPLIST_FILE = YES;
				INFOPLIST_FILE = UIConfigApp/Info.plist;
				INFOPLIST_KEY_UIApplicationSupportsIndirectInputEvents = YES;
				INFOPLIST_KEY_UILaunchStoryboardName = LaunchScreen;
				INFOPLIST_KEY_UIMainStoryboardFile = Main;
				INFOPLIST_KEY_UISupportedInterfaceOrientations_iPad = "UIInterfaceOrientationPortrait UIInterfaceOrientationPortraitUpsideDown UIInterfaceOrientationLandscapeLeft UIInterfaceOrientationLandscapeRight";
				INFOPLIST_KEY_UISupportedInterfaceOrientations_iPhone = "UIInterfaceOrientationPortrait UIInterfaceOrientationLandscapeLeft UIInterfaceOrientationLandscapeRight";
				IPHONEOS_DEPLOYMENT_TARGET = 15.0;
				LD_RUNPATH_SEARCH_PATHS = (
					"$(inherited)",
					"@executable_path/Frameworks",
				);
				MARKETING_VERSION = 1.0;
				PRODUCT_BUNDLE_IDENTIFIER = com.AxkanSoftware.UIConfigApp;
				PRODUCT_NAME = "$(TARGET_NAME)";
				SWIFT_EMIT_LOC_STRINGS = YES;
				SWIFT_VERSION = 5.0;
				TARGETED_DEVICE_FAMILY = "1,2";
			};
			name = Release;
		};
		0DB981A92944FCBA00C1DE14 /* Debug */ = {
			isa = XCBuildConfiguration;
			baseConfigurationReference = E5F9847D45179049C7416A3E /* Pods-UIConfig.debug.xcconfig */;
			buildSettings = {
				CLANG_ENABLE_MODULES = YES;
				CODE_SIGN_STYLE = Automatic;
				CURRENT_PROJECT_VERSION = 1;
				DEFINES_MODULE = YES;
				DEVELOPMENT_TEAM = 45Q3VNSD3X;
				DYLIB_COMPATIBILITY_VERSION = 1;
				DYLIB_CURRENT_VERSION = 1;
				DYLIB_INSTALL_NAME_BASE = "@rpath";
				GENERATE_INFOPLIST_FILE = YES;
				INFOPLIST_KEY_NSHumanReadableCopyright = "";
				INSTALL_PATH = "$(LOCAL_LIBRARY_DIR)/Frameworks";
				IPHONEOS_DEPLOYMENT_TARGET = 15.0;
				LD_RUNPATH_SEARCH_PATHS = (
					"$(inherited)",
					"@executable_path/Frameworks",
					"@loader_path/Frameworks",
				);
				MARKETING_VERSION = 1.0;
				PRODUCT_BUNDLE_IDENTIFIER = com.AxkanSoftware.UIConfig;
				PRODUCT_NAME = "$(TARGET_NAME:c99extidentifier)";
				SKIP_INSTALL = YES;
				SWIFT_EMIT_LOC_STRINGS = YES;
				SWIFT_OPTIMIZATION_LEVEL = "-Onone";
				SWIFT_VERSION = 5.0;
				TARGETED_DEVICE_FAMILY = "1,2";
				VERSIONING_SYSTEM = "apple-generic";
				VERSION_INFO_PREFIX = "";
			};
			name = Debug;
		};
		0DB981AA2944FCBA00C1DE14 /* Release */ = {
			isa = XCBuildConfiguration;
			baseConfigurationReference = 9636F0EACFA6A874BCE904F1 /* Pods-UIConfig.release.xcconfig */;
			buildSettings = {
				CLANG_ENABLE_MODULES = YES;
				CODE_SIGN_STYLE = Automatic;
				CURRENT_PROJECT_VERSION = 1;
				DEFINES_MODULE = YES;
				DEVELOPMENT_TEAM = 45Q3VNSD3X;
				DYLIB_COMPATIBILITY_VERSION = 1;
				DYLIB_CURRENT_VERSION = 1;
				DYLIB_INSTALL_NAME_BASE = "@rpath";
				GENERATE_INFOPLIST_FILE = YES;
				INFOPLIST_KEY_NSHumanReadableCopyright = "";
				INSTALL_PATH = "$(LOCAL_LIBRARY_DIR)/Frameworks";
				IPHONEOS_DEPLOYMENT_TARGET = 15.0;
				LD_RUNPATH_SEARCH_PATHS = (
					"$(inherited)",
					"@executable_path/Frameworks",
					"@loader_path/Frameworks",
				);
				MARKETING_VERSION = 1.0;
				PRODUCT_BUNDLE_IDENTIFIER = com.AxkanSoftware.UIConfig;
				PRODUCT_NAME = "$(TARGET_NAME:c99extidentifier)";
				SKIP_INSTALL = YES;
				SWIFT_EMIT_LOC_STRINGS = YES;
				SWIFT_VERSION = 5.0;
				TARGETED_DEVICE_FAMILY = "1,2";
				VERSIONING_SYSTEM = "apple-generic";
				VERSION_INFO_PREFIX = "";
			};
			name = Release;
		};
/* End XCBuildConfiguration section */

/* Begin XCConfigurationList section */
		0D58C5CA2944D0BE00418A7F /* Build configuration list for PBXProject "UIConfigApp" */ = {
			isa = XCConfigurationList;
			buildConfigurations = (
				0D58C5E12944D0C000418A7F /* Debug */,
				0D58C5E22944D0C000418A7F /* Release */,
			);
			defaultConfigurationIsVisible = 0;
			defaultConfigurationName = Release;
		};
		0D58C5E32944D0C000418A7F /* Build configuration list for PBXNativeTarget "UIConfigApp" */ = {
			isa = XCConfigurationList;
			buildConfigurations = (
				0D58C5E42944D0C000418A7F /* Debug */,
				0D58C5E52944D0C000418A7F /* Release */,
			);
			defaultConfigurationIsVisible = 0;
			defaultConfigurationName = Release;
		};
		0DB981AB2944FCBA00C1DE14 /* Build configuration list for PBXNativeTarget "UIConfig" */ = {
			isa = XCConfigurationList;
			buildConfigurations = (
				0DB981A92944FCBA00C1DE14 /* Debug */,
				0DB981AA2944FCBA00C1DE14 /* Release */,
			);
			defaultConfigurationIsVisible = 0;
			defaultConfigurationName = Release;
		};
/* End XCConfigurationList section */
	};
	rootObject = 0D58C5C72944D0BE00418A7F /* Project object */;
}
